// !$*UTF8*$!
{
	archiveVersion = 1;
	classes = {
	};
	objectVersion = 46;
	objects = {

/* Begin PBXBuildFile section */
		808F20EF62B3EF842560BEF4 /* libPods-Tiime.a in Frameworks */ = {isa = PBXBuildFile; fileRef = EAB3577A916B79D17FFC67BF /* libPods-Tiime.a */; };
		E808CFF919F8A8A400F3BD71 /* TiimeViewController.m in Sources */ = {isa = PBXBuildFile; fileRef = E808CFF819F8A8A400F3BD71 /* TiimeViewController.m */; };
		E81F641019F99AAA00A39041 /* ProjectController.m in Sources */ = {isa = PBXBuildFile; fileRef = E81F640F19F99AAA00A39041 /* ProjectController.m */; };
		E81F641319F99DE200A39041 /* AddNewProjectViewController.m in Sources */ = {isa = PBXBuildFile; fileRef = E81F641219F99DE200A39041 /* AddNewProjectViewController.m */; };
		E81F641519F9A9A700A39041 /* Icon-60@2x.png in Resources */ = {isa = PBXBuildFile; fileRef = E81F641419F9A9A700A39041 /* Icon-60@2x.png */; };
		E8875F6819F8A0B400E6315D /* main.m in Sources */ = {isa = PBXBuildFile; fileRef = E8875F6719F8A0B400E6315D /* main.m */; };
		E8875F6B19F8A0B400E6315D /* AppDelegate.m in Sources */ = {isa = PBXBuildFile; fileRef = E8875F6A19F8A0B400E6315D /* AppDelegate.m */; };
		E8875F7119F8A0B400E6315D /* Main.storyboard in Resources */ = {isa = PBXBuildFile; fileRef = E8875F6F19F8A0B400E6315D /* Main.storyboard */; };
		E8875F7319F8A0B400E6315D /* Images.xcassets in Resources */ = {isa = PBXBuildFile; fileRef = E8875F7219F8A0B400E6315D /* Images.xcassets */; };
		E8875F7619F8A0B400E6315D /* LaunchScreen.xib in Resources */ = {isa = PBXBuildFile; fileRef = E8875F7419F8A0B400E6315D /* LaunchScreen.xib */; };
		E8875F8219F8A0B500E6315D /* TiimeTests.m in Sources */ = {isa = PBXBuildFile; fileRef = E8875F8119F8A0B500E6315D /* TiimeTests.m */; };
		E8A29D2819FC3596002CE74F /* LTimer.m in Sources */ = {isa = PBXBuildFile; fileRef = E8A29D2719FC3596002CE74F /* LTimer.m */; };
		E8AA4E5E19F9C82C005A8AA3 /* CustomCellTableViewCell.m in Sources */ = {isa = PBXBuildFile; fileRef = E8AA4E5D19F9C82C005A8AA3 /* CustomCellTableViewCell.m */; };
		E8AA4E6119FA0D31005A8AA3 /* StyleKit.m in Sources */ = {isa = PBXBuildFile; fileRef = E8AA4E6019FA0D31005A8AA3 /* StyleKit.m */; };
		E8AA4E6419FA0D56005A8AA3 /* timeButton.m in Sources */ = {isa = PBXBuildFile; fileRef = E8AA4E6319FA0D56005A8AA3 /* timeButton.m */; };
/* End PBXBuildFile section */

/* Begin PBXContainerItemProxy section */
		E8875F7C19F8A0B500E6315D /* PBXContainerItemProxy */ = {
			isa = PBXContainerItemProxy;
			containerPortal = E8875F5A19F8A0B400E6315D /* Project object */;
			proxyType = 1;
			remoteGlobalIDString = E8875F6119F8A0B400E6315D;
			remoteInfo = Tiime;
		};
/* End PBXContainerItemProxy section */

/* Begin PBXFileReference section */
		3D824B0D6F7757AF46661BF5 /* Pods-Tiime.debug.xcconfig */ = {isa = PBXFileReference; includeInIndex = 1; lastKnownFileType = text.xcconfig; name = "Pods-Tiime.debug.xcconfig"; path = "Pods/Target Support Files/Pods-Tiime/Pods-Tiime.debug.xcconfig"; sourceTree = "<group>"; };
		D0EF1F9C3F97459E19553ECB /* Pods-Tiime.release.xcconfig */ = {isa = PBXFileReference; includeInIndex = 1; lastKnownFileType = text.xcconfig; name = "Pods-Tiime.release.xcconfig"; path = "Pods/Target Support Files/Pods-Tiime/Pods-Tiime.release.xcconfig"; sourceTree = "<group>"; };
		E808CFF719F8A8A400F3BD71 /* TiimeViewController.h */ = {isa = PBXFileReference; fileEncoding = 4; lastKnownFileType = sourcecode.c.h; path = TiimeViewController.h; sourceTree = "<group>"; };
		E808CFF819F8A8A400F3BD71 /* TiimeViewController.m */ = {isa = PBXFileReference; fileEncoding = 4; lastKnownFileType = sourcecode.c.objc; path = TiimeViewController.m; sourceTree = "<group>"; };
		E81F640E19F99AAA00A39041 /* ProjectController.h */ = {isa = PBXFileReference; fileEncoding = 4; lastKnownFileType = sourcecode.c.h; path = ProjectController.h; sourceTree = "<group>"; };
		E81F640F19F99AAA00A39041 /* ProjectController.m */ = {isa = PBXFileReference; fileEncoding = 4; lastKnownFileType = sourcecode.c.objc; path = ProjectController.m; sourceTree = "<group>"; };
		E81F641119F99DE200A39041 /* AddNewProjectViewController.h */ = {isa = PBXFileReference; fileEncoding = 4; lastKnownFileType = sourcecode.c.h; path = AddNewProjectViewController.h; sourceTree = "<group>"; };
		E81F641219F99DE200A39041 /* AddNewProjectViewController.m */ = {isa = PBXFileReference; fileEncoding = 4; lastKnownFileType = sourcecode.c.objc; path = AddNewProjectViewController.m; sourceTree = "<group>"; };
		E81F641419F9A9A700A39041 /* Icon-60@2x.png */ = {isa = PBXFileReference; lastKnownFileType = image.png; path = "Icon-60@2x.png"; sourceTree = "<group>"; };
		E8875F6219F8A0B400E6315D /* Tiime.app */ = {isa = PBXFileReference; explicitFileType = wrapper.application; includeInIndex = 0; path = Tiime.app; sourceTree = BUILT_PRODUCTS_DIR; };
		E8875F6619F8A0B400E6315D /* Info.plist */ = {isa = PBXFileReference; lastKnownFileType = text.plist.xml; path = Info.plist; sourceTree = "<group>"; };
		E8875F6719F8A0B400E6315D /* main.m */ = {isa = PBXFileReference; lastKnownFileType = sourcecode.c.objc; path = main.m; sourceTree = "<group>"; };
		E8875F6919F8A0B400E6315D /* AppDelegate.h */ = {isa = PBXFileReference; lastKnownFileType = sourcecode.c.h; path = AppDelegate.h; sourceTree = "<group>"; };
		E8875F6A19F8A0B400E6315D /* AppDelegate.m */ = {isa = PBXFileReference; lastKnownFileType = sourcecode.c.objc; path = AppDelegate.m; sourceTree = "<group>"; };
		E8875F7019F8A0B400E6315D /* Base */ = {isa = PBXFileReference; lastKnownFileType = file.storyboard; name = Base; path = Base.lproj/Main.storyboard; sourceTree = "<group>"; };
		E8875F7219F8A0B400E6315D /* Images.xcassets */ = {isa = PBXFileReference; lastKnownFileType = folder.assetcatalog; path = Images.xcassets; sourceTree = "<group>"; };
		E8875F7519F8A0B400E6315D /* Base */ = {isa = PBXFileReference; lastKnownFileType = file.xib; name = Base; path = Base.lproj/LaunchScreen.xib; sourceTree = "<group>"; };
		E8875F7B19F8A0B500E6315D /* TiimeTests.xctest */ = {isa = PBXFileReference; explicitFileType = wrapper.cfbundle; includeInIndex = 0; path = TiimeTests.xctest; sourceTree = BUILT_PRODUCTS_DIR; };
		E8875F8019F8A0B500E6315D /* Info.plist */ = {isa = PBXFileReference; lastKnownFileType = text.plist.xml; path = Info.plist; sourceTree = "<group>"; };
		E8875F8119F8A0B500E6315D /* TiimeTests.m */ = {isa = PBXFileReference; lastKnownFileType = sourcecode.c.objc; path = TiimeTests.m; sourceTree = "<group>"; };
		E8A29D2619FC3596002CE74F /* LTimer.h */ = {isa = PBXFileReference; fileEncoding = 4; lastKnownFileType = sourcecode.c.h; path = LTimer.h; sourceTree = "<group>"; };
		E8A29D2719FC3596002CE74F /* LTimer.m */ = {isa = PBXFileReference; fileEncoding = 4; lastKnownFileType = sourcecode.c.objc; path = LTimer.m; sourceTree = "<group>"; };
		E8AA4E5C19F9C82C005A8AA3 /* CustomCellTableViewCell.h */ = {isa = PBXFileReference; fileEncoding = 4; lastKnownFileType = sourcecode.c.h; path = CustomCellTableViewCell.h; sourceTree = "<group>"; };
		E8AA4E5D19F9C82C005A8AA3 /* CustomCellTableViewCell.m */ = {isa = PBXFileReference; fileEncoding = 4; lastKnownFileType = sourcecode.c.objc; path = CustomCellTableViewCell.m; sourceTree = "<group>"; };
		E8AA4E5F19FA0D31005A8AA3 /* StyleKit.h */ = {isa = PBXFileReference; fileEncoding = 4; lastKnownFileType = sourcecode.c.h; path = StyleKit.h; sourceTree = "<group>"; };
		E8AA4E6019FA0D31005A8AA3 /* StyleKit.m */ = {isa = PBXFileReference; fileEncoding = 4; lastKnownFileType = sourcecode.c.objc; path = StyleKit.m; sourceTree = "<group>"; };
		E8AA4E6219FA0D56005A8AA3 /* timeButton.h */ = {isa = PBXFileReference; fileEncoding = 4; lastKnownFileType = sourcecode.c.h; path = timeButton.h; sourceTree = "<group>"; };
		E8AA4E6319FA0D56005A8AA3 /* timeButton.m */ = {isa = PBXFileReference; fileEncoding = 4; lastKnownFileType = sourcecode.c.objc; path = timeButton.m; sourceTree = "<group>"; };
		EAB3577A916B79D17FFC67BF /* libPods-Tiime.a */ = {isa = PBXFileReference; explicitFileType = archive.ar; includeInIndex = 0; path = "libPods-Tiime.a"; sourceTree = BUILT_PRODUCTS_DIR; };
/* End PBXFileReference section */

/* Begin PBXFrameworksBuildPhase section */
		E8875F5F19F8A0B400E6315D /* Frameworks */ = {
			isa = PBXFrameworksBuildPhase;
			buildActionMask = 2147483647;
			files = (
				808F20EF62B3EF842560BEF4 /* libPods-Tiime.a in Frameworks */,
			);
			runOnlyForDeploymentPostprocessing = 0;
		};
		E8875F7819F8A0B500E6315D /* Frameworks */ = {
			isa = PBXFrameworksBuildPhase;
			buildActionMask = 2147483647;
			files = (
			);
			runOnlyForDeploymentPostprocessing = 0;
		};
/* End PBXFrameworksBuildPhase section */

/* Begin PBXGroup section */
		2E10E90125515ED90F1FD5BD /* Pods */ = {
			isa = PBXGroup;
			children = (
				3D824B0D6F7757AF46661BF5 /* Pods-Tiime.debug.xcconfig */,
				D0EF1F9C3F97459E19553ECB /* Pods-Tiime.release.xcconfig */,
			);
			name = Pods;
			sourceTree = "<group>";
		};
		AC12F4359549253A4FC7F01B /* Frameworks */ = {
			isa = PBXGroup;
			children = (
				EAB3577A916B79D17FFC67BF /* libPods-Tiime.a */,
			);
			name = Frameworks;
			sourceTree = "<group>";
		};
		E81F641619F9C6B200A39041 /* images */ = {
			isa = PBXGroup;
			children = (
				E81F641419F9A9A700A39041 /* Icon-60@2x.png */,
			);
			name = images;
			sourceTree = "<group>";
		};
		E8875F5919F8A0B400E6315D = {
			isa = PBXGroup;
			children = (
				E8875F6419F8A0B400E6315D /* Tiime */,
				E8875F7E19F8A0B500E6315D /* TiimeTests */,
				E8875F6319F8A0B400E6315D /* Products */,
				2E10E90125515ED90F1FD5BD /* Pods */,
				AC12F4359549253A4FC7F01B /* Frameworks */,
			);
			sourceTree = "<group>";
		};
		E8875F6319F8A0B400E6315D /* Products */ = {
			isa = PBXGroup;
			children = (
				E8875F6219F8A0B400E6315D /* Tiime.app */,
				E8875F7B19F8A0B500E6315D /* TiimeTests.xctest */,
			);
			name = Products;
			sourceTree = "<group>";
		};
		E8875F6419F8A0B400E6315D /* Tiime */ = {
			isa = PBXGroup;
			children = (
				E8875F6F19F8A0B400E6315D /* Main.storyboard */,
				E8AA4E6219FA0D56005A8AA3 /* timeButton.h */,
				E8AA4E6319FA0D56005A8AA3 /* timeButton.m */,
				E8AA4E5F19FA0D31005A8AA3 /* StyleKit.h */,
				E8AA4E6019FA0D31005A8AA3 /* StyleKit.m */,
				E8875F6919F8A0B400E6315D /* AppDelegate.h */,
				E8875F6A19F8A0B400E6315D /* AppDelegate.m */,
				E808CFF719F8A8A400F3BD71 /* TiimeViewController.h */,
				E808CFF819F8A8A400F3BD71 /* TiimeViewController.m */,
				E8AA4E5C19F9C82C005A8AA3 /* CustomCellTableViewCell.h */,
				E8AA4E5D19F9C82C005A8AA3 /* CustomCellTableViewCell.m */,
				E81F641119F99DE200A39041 /* AddNewProjectViewController.h */,
				E81F641219F99DE200A39041 /* AddNewProjectViewController.m */,
				E8A29D2619FC3596002CE74F /* LTimer.h */,
				E8A29D2719FC3596002CE74F /* LTimer.m */,
				E81F640E19F99AAA00A39041 /* ProjectController.h */,
				E81F640F19F99AAA00A39041 /* ProjectController.m */,
				E8875F7219F8A0B400E6315D /* Images.xcassets */,
				E8875F7419F8A0B400E6315D /* LaunchScreen.xib */,
				E8875F6519F8A0B400E6315D /* Supporting Files */,
			);
			path = Tiime;
			sourceTree = "<group>";
		};
		E8875F6519F8A0B400E6315D /* Supporting Files */ = {
			isa = PBXGroup;
			children = (
				E81F641619F9C6B200A39041 /* images */,
				E8875F6619F8A0B400E6315D /* Info.plist */,
				E8875F6719F8A0B400E6315D /* main.m */,
			);
			name = "Supporting Files";
			sourceTree = "<group>";
		};
		E8875F7E19F8A0B500E6315D /* TiimeTests */ = {
			isa = PBXGroup;
			children = (
				E8875F8119F8A0B500E6315D /* TiimeTests.m */,
				E8875F7F19F8A0B500E6315D /* Supporting Files */,
			);
			path = TiimeTests;
			sourceTree = "<group>";
		};
		E8875F7F19F8A0B500E6315D /* Supporting Files */ = {
			isa = PBXGroup;
			children = (
				E8875F8019F8A0B500E6315D /* Info.plist */,
			);
			name = "Supporting Files";
			sourceTree = "<group>";
		};
/* End PBXGroup section */

/* Begin PBXNativeTarget section */
		E8875F6119F8A0B400E6315D /* Tiime */ = {
			isa = PBXNativeTarget;
			buildConfigurationList = E8875F8519F8A0B500E6315D /* Build configuration list for PBXNativeTarget "Tiime" */;
			buildPhases = (
				F9A6D7825E0EF59F45F0906F /* Check Pods Manifest.lock */,
				E8875F5E19F8A0B400E6315D /* Sources */,
				E8875F5F19F8A0B400E6315D /* Frameworks */,
				E8875F6019F8A0B400E6315D /* Resources */,
				3F57EAE8C2EC6F6360A28E5F /* Copy Pods Resources */,
				E86DEB2919FF4D2A00AD64EE /* ShellScript */,
			);
			buildRules = (
			);
			dependencies = (
			);
			name = Tiime;
			productName = Tiime;
			productReference = E8875F6219F8A0B400E6315D /* Tiime.app */;
			productType = "com.apple.product-type.application";
		};
		E8875F7A19F8A0B500E6315D /* TiimeTests */ = {
			isa = PBXNativeTarget;
			buildConfigurationList = E8875F8819F8A0B500E6315D /* Build configuration list for PBXNativeTarget "TiimeTests" */;
			buildPhases = (
				E8875F7719F8A0B500E6315D /* Sources */,
				E8875F7819F8A0B500E6315D /* Frameworks */,
				E8875F7919F8A0B500E6315D /* Resources */,
			);
			buildRules = (
			);
			dependencies = (
				E8875F7D19F8A0B500E6315D /* PBXTargetDependency */,
			);
			name = TiimeTests;
			productName = TiimeTests;
			productReference = E8875F7B19F8A0B500E6315D /* TiimeTests.xctest */;
			productType = "com.apple.product-type.bundle.unit-test";
		};
/* End PBXNativeTarget section */

/* Begin PBXProject section */
		E8875F5A19F8A0B400E6315D /* Project object */ = {
			isa = PBXProject;
			attributes = {
				LastUpgradeCheck = 0610;
				ORGANIZATIONNAME = "Awesometistic, LLC";
				TargetAttributes = {
					E8875F6119F8A0B400E6315D = {
						CreatedOnToolsVersion = 6.1;
						DevelopmentTeam = 53R99LMK64;
					};
					E8875F7A19F8A0B500E6315D = {
						CreatedOnToolsVersion = 6.1;
						TestTargetID = E8875F6119F8A0B400E6315D;
					};
				};
			};
			buildConfigurationList = E8875F5D19F8A0B400E6315D /* Build configuration list for PBXProject "Tiime" */;
			compatibilityVersion = "Xcode 3.2";
			developmentRegion = English;
			hasScannedForEncodings = 0;
			knownRegions = (
				en,
				Base,
			);
			mainGroup = E8875F5919F8A0B400E6315D;
			productRefGroup = E8875F6319F8A0B400E6315D /* Products */;
			projectDirPath = "";
			projectRoot = "";
			targets = (
				E8875F6119F8A0B400E6315D /* Tiime */,
				E8875F7A19F8A0B500E6315D /* TiimeTests */,
			);
		};
/* End PBXProject section */

/* Begin PBXResourcesBuildPhase section */
		E8875F6019F8A0B400E6315D /* Resources */ = {
			isa = PBXResourcesBuildPhase;
			buildActionMask = 2147483647;
			files = (
				E8875F7119F8A0B400E6315D /* Main.storyboard in Resources */,
				E8875F7619F8A0B400E6315D /* LaunchScreen.xib in Resources */,
				E8875F7319F8A0B400E6315D /* Images.xcassets in Resources */,
				E81F641519F9A9A700A39041 /* Icon-60@2x.png in Resources */,
			);
			runOnlyForDeploymentPostprocessing = 0;
		};
		E8875F7919F8A0B500E6315D /* Resources */ = {
			isa = PBXResourcesBuildPhase;
			buildActionMask = 2147483647;
			files = (
			);
			runOnlyForDeploymentPostprocessing = 0;
		};
/* End PBXResourcesBuildPhase section */

/* Begin PBXShellScriptBuildPhase section */
		3F57EAE8C2EC6F6360A28E5F /* Copy Pods Resources */ = {
			isa = PBXShellScriptBuildPhase;
			buildActionMask = 2147483647;
			files = (
			);
			inputPaths = (
			);
			name = "Copy Pods Resources";
			outputPaths = (
			);
			runOnlyForDeploymentPostprocessing = 0;
			shellPath = /bin/sh;
			shellScript = "\"${SRCROOT}/Pods/Target Support Files/Pods-Tiime/Pods-Tiime-resources.sh\"\n";
			showEnvVarsInLog = 0;
		};
		E86DEB2919FF4D2A00AD64EE /* ShellScript */ = {
			isa = PBXShellScriptBuildPhase;
			buildActionMask = 2147483647;
			files = (
			);
			inputPaths = (
			);
			outputPaths = (
			);
			runOnlyForDeploymentPostprocessing = 0;
			shellPath = /bin/sh;
			shellScript = "";
		};
		F9A6D7825E0EF59F45F0906F /* Check Pods Manifest.lock */ = {
			isa = PBXShellScriptBuildPhase;
			buildActionMask = 2147483647;
			files = (
			);
			inputPaths = (
			);
			name = "Check Pods Manifest.lock";
			outputPaths = (
			);
			runOnlyForDeploymentPostprocessing = 0;
			shellPath = /bin/sh;
			shellScript = "diff \"${PODS_ROOT}/../Podfile.lock\" \"${PODS_ROOT}/Manifest.lock\" > /dev/null\nif [[ $? != 0 ]] ; then\n    cat << EOM\nerror: The sandbox is not in sync with the Podfile.lock. Run 'pod install' or update your CocoaPods installation.\nEOM\n    exit 1\nfi\n";
			showEnvVarsInLog = 0;
		};
/* End PBXShellScriptBuildPhase section */

/* Begin PBXSourcesBuildPhase section */
		E8875F5E19F8A0B400E6315D /* Sources */ = {
			isa = PBXSourcesBuildPhase;
			buildActionMask = 2147483647;
			files = (
				E81F641019F99AAA00A39041 /* ProjectController.m in Sources */,
				E8875F6B19F8A0B400E6315D /* AppDelegate.m in Sources */,
				E8AA4E6419FA0D56005A8AA3 /* timeButton.m in Sources */,
				E8AA4E6119FA0D31005A8AA3 /* StyleKit.m in Sources */,
				E8875F6819F8A0B400E6315D /* main.m in Sources */,
				E808CFF919F8A8A400F3BD71 /* TiimeViewController.m in Sources */,
				E81F641319F99DE200A39041 /* AddNewProjectViewController.m in Sources */,
				E8A29D2819FC3596002CE74F /* LTimer.m in Sources */,
				E8AA4E5E19F9C82C005A8AA3 /* CustomCellTableViewCell.m in Sources */,
			);
			runOnlyForDeploymentPostprocessing = 0;
		};
		E8875F7719F8A0B500E6315D /* Sources */ = {
			isa = PBXSourcesBuildPhase;
			buildActionMask = 2147483647;
			files = (
				E8875F8219F8A0B500E6315D /* TiimeTests.m in Sources */,
			);
			runOnlyForDeploymentPostprocessing = 0;
		};
/* End PBXSourcesBuildPhase section */

/* Begin PBXTargetDependency section */
		E8875F7D19F8A0B500E6315D /* PBXTargetDependency */ = {
			isa = PBXTargetDependency;
			target = E8875F6119F8A0B400E6315D /* Tiime */;
			targetProxy = E8875F7C19F8A0B500E6315D /* PBXContainerItemProxy */;
		};
/* End PBXTargetDependency section */

/* Begin PBXVariantGroup section */
		E8875F6F19F8A0B400E6315D /* Main.storyboard */ = {
			isa = PBXVariantGroup;
			children = (
				E8875F7019F8A0B400E6315D /* Base */,
			);
			name = Main.storyboard;
			sourceTree = "<group>";
		};
		E8875F7419F8A0B400E6315D /* LaunchScreen.xib */ = {
			isa = PBXVariantGroup;
			children = (
				E8875F7519F8A0B400E6315D /* Base */,
			);
			name = LaunchScreen.xib;
			sourceTree = "<group>";
		};
/* End PBXVariantGroup section */

/* Begin XCBuildConfiguration section */
		E8875F8319F8A0B500E6315D /* Debug */ = {
			isa = XCBuildConfiguration;
			buildSettings = {
				ALWAYS_SEARCH_USER_PATHS = NO;
				CLANG_CXX_LANGUAGE_STANDARD = "gnu++0x";
				CLANG_CXX_LIBRARY = "libc++";
				CLANG_ENABLE_MODULES = YES;
				CLANG_ENABLE_OBJC_ARC = YES;
				CLANG_WARN_BOOL_CONVERSION = YES;
				CLANG_WARN_CONSTANT_CONVERSION = YES;
				CLANG_WARN_DIRECT_OBJC_ISA_USAGE = YES_ERROR;
				CLANG_WARN_EMPTY_BODY = YES;
				CLANG_WARN_ENUM_CONVERSION = YES;
				CLANG_WARN_INT_CONVERSION = YES;
				CLANG_WARN_OBJC_ROOT_CLASS = YES_ERROR;
				CLANG_WARN_UNREACHABLE_CODE = YES;
				CLANG_WARN__DUPLICATE_METHOD_MATCH = YES;
				"CODE_SIGN_IDENTITY[sdk=iphoneos*]" = "iPhone Developer";
				COPY_PHASE_STRIP = NO;
				ENABLE_STRICT_OBJC_MSGSEND = YES;
				GCC_C_LANGUAGE_STANDARD = gnu99;
				GCC_DYNAMIC_NO_PIC = NO;
				GCC_OPTIMIZATION_LEVEL = 0;
				GCC_PREPROCESSOR_DEFINITIONS = (
					"DEBUG=1",
					"$(inherited)",
				);
				GCC_SYMBOLS_PRIVATE_EXTERN = NO;
				GCC_WARN_64_TO_32_BIT_CONVERSION = YES;
				GCC_WARN_ABOUT_RETURN_TYPE = YES_ERROR;
				GCC_WARN_UNDECLARED_SELECTOR = YES;
				GCC_WARN_UNINITIALIZED_AUTOS = YES_AGGRESSIVE;
				GCC_WARN_UNUSED_FUNCTION = YES;
				GCC_WARN_UNUSED_VARIABLE = YES;
				IPHONEOS_DEPLOYMENT_TARGET = 7.0;
				MTL_ENABLE_DEBUG_INFO = YES;
				ONLY_ACTIVE_ARCH = YES;
				SDKROOT = iphoneos;
			};
			name = Debug;
		};
		E8875F8419F8A0B500E6315D /* Release */ = {
			isa = XCBuildConfiguration;
			buildSettings = {
				ALWAYS_SEARCH_USER_PATHS = NO;
				CLANG_CXX_LANGUAGE_STANDARD = "gnu++0x";
				CLANG_CXX_LIBRARY = "libc++";
				CLANG_ENABLE_MODULES = YES;
				CLANG_ENABLE_OBJC_ARC = YES;
				CLANG_WARN_BOOL_CONVERSION = YES;
				CLANG_WARN_CONSTANT_CONVERSION = YES;
				CLANG_WARN_DIRECT_OBJC_ISA_USAGE = YES_ERROR;
				CLANG_WARN_EMPTY_BODY = YES;
				CLANG_WARN_ENUM_CONVERSION = YES;
				CLANG_WARN_INT_CONVERSION = YES;
				CLANG_WARN_OBJC_ROOT_CLASS = YES_ERROR;
				CLANG_WARN_UNREACHABLE_CODE = YES;
				CLANG_WARN__DUPLICATE_METHOD_MATCH = YES;
				"CODE_SIGN_IDENTITY[sdk=iphoneos*]" = "iPhone Developer";
				COPY_PHASE_STRIP = YES;
				ENABLE_NS_ASSERTIONS = NO;
				ENABLE_STRICT_OBJC_MSGSEND = YES;
				GCC_C_LANGUAGE_STANDARD = gnu99;
				GCC_WARN_64_TO_32_BIT_CONVERSION = YES;
				GCC_WARN_ABOUT_RETURN_TYPE = YES_ERROR;
				GCC_WARN_UNDECLARED_SELECTOR = YES;
				GCC_WARN_UNINITIALIZED_AUTOS = YES_AGGRESSIVE;
				GCC_WARN_UNUSED_FUNCTION = YES;
				GCC_WARN_UNUSED_VARIABLE = YES;
				IPHONEOS_DEPLOYMENT_TARGET = 7.0;
				MTL_ENABLE_DEBUG_INFO = NO;
				SDKROOT = iphoneos;
				VALIDATE_PRODUCT = YES;
			};
			name = Release;
		};
		E8875F8619F8A0B500E6315D /* Debug */ = {
			isa = XCBuildConfiguration;
			baseConfigurationReference = 3D824B0D6F7757AF46661BF5 /* Pods-Tiime.debug.xcconfig */;
			buildSettings = {
				ASSETCATALOG_COMPILER_APPICON_NAME = AppIcon;
				CODE_SIGN_IDENTITY = "iPhone Developer";
				"CODE_SIGN_IDENTITY[sdk=iphoneos*]" = "iPhone Developer";
				INFOPLIST_FILE = Tiime/Info.plist;
				IPHONEOS_DEPLOYMENT_TARGET = 7.1;
				LD_RUNPATH_SEARCH_PATHS = "$(inherited) @executable_path/Frameworks";
				PRODUCT_NAME = "$(TARGET_NAME)";
				PROVISIONING_PROFILE = "";
			};
			name = Debug;
		};
		E8875F8719F8A0B500E6315D /* Release */ = {
			isa = XCBuildConfiguration;
			baseConfigurationReference = D0EF1F9C3F97459E19553ECB /* Pods-Tiime.release.xcconfig */;
			buildSettings = {
				ASSETCATALOG_COMPILER_APPICON_NAME = AppIcon;
				CODE_SIGN_IDENTITY = "iPhone Developer";
				"CODE_SIGN_IDENTITY[sdk=iphoneos*]" = "iPhone Developer";
				INFOPLIST_FILE = Tiime/Info.plist;
				IPHONEOS_DEPLOYMENT_TARGET = 7.1;
				LD_RUNPATH_SEARCH_PATHS = "$(inherited) @executable_path/Frameworks";
				PRODUCT_NAME = "$(TARGET_NAME)";
				PROVISIONING_PROFILE = "";
			};
			name = Release;
		};
		E8875F8919F8A0B500E6315D /* Debug */ = {
			isa = XCBuildConfiguration;
			buildSettings = {
				BUNDLE_LOADER = "$(TEST_HOST)";
				FRAMEWORK_SEARCH_PATHS = (
					"$(SDKROOT)/Developer/Library/Frameworks",
					"$(inherited)",
				);
				GCC_PREPROCESSOR_DEFINITIONS = (
					"DEBUG=1",
					"$(inherited)",
				);
				INFOPLIST_FILE = TiimeTests/Info.plist;
				LD_RUNPATH_SEARCH_PATHS = "$(inherited) @executable_path/Frameworks @loader_path/Frameworks";
				PRODUCT_NAME = "$(TARGET_NAME)";
				TEST_HOST = "$(BUILT_PRODUCTS_DIR)/Tiime.app/Tiime";
			};
			name = Debug;
		};
		E8875F8A19F8A0B500E6315D /* Release */ = {
			isa = XCBuildConfiguration;
			buildSettings = {
				BUNDLE_LOADER = "$(TEST_HOST)";
				FRAMEWORK_SEARCH_PATHS = (
					"$(SDKROOT)/Developer/Library/Frameworks",
					"$(inherited)",
				);
				INFOPLIST_FILE = TiimeTests/Info.plist;
				LD_RUNPATH_SEARCH_PATHS = "$(inherited) @executable_path/Frameworks @loader_path/Frameworks";
				PRODUCT_NAME = "$(TARGET_NAME)";
				TEST_HOST = "$(BUILT_PRODUCTS_DIR)/Tiime.app/Tiime";
			};
			name = Release;
		};
/* End XCBuildConfiguration section */

/* Begin XCConfigurationList section */
		E8875F5D19F8A0B400E6315D /* Build configuration list for PBXProject "Tiime" */ = {
			isa = XCConfigurationList;
			buildConfigurations = (
				E8875F8319F8A0B500E6315D /* Debug */,
				E8875F8419F8A0B500E6315D /* Release */,
			);
			defaultConfigurationIsVisible = 0;
			defaultConfigurationName = Release;
		};
		E8875F8519F8A0B500E6315D /* Build configuration list for PBXNativeTarget "Tiime" */ = {
			isa = XCConfigurationList;
			buildConfigurations = (
				E8875F8619F8A0B500E6315D /* Debug */,
				E8875F8719F8A0B500E6315D /* Release */,
			);
			defaultConfigurationIsVisible = 0;
			defaultConfigurationName = Release;
		};
		E8875F8819F8A0B500E6315D /* Build configuration list for PBXNativeTarget "TiimeTests" */ = {
			isa = XCConfigurationList;
			buildConfigurations = (
				E8875F8919F8A0B500E6315D /* Debug */,
				E8875F8A19F8A0B500E6315D /* Release */,
			);
			defaultConfigurationIsVisible = 0;
			defaultConfigurationName = Release;
		};
/* End XCConfigurationList section */
	};
	rootObject = E8875F5A19F8A0B400E6315D /* Project object */;
}
